
Microsoft Visual Studio Solution File, Format Version 12.00
Project("{FAE04EC0-301F-11D3-BF4B-00C04F79EFBC}") = "PluginCouchbase", "PluginCouchbase\PluginCouchbase.csproj", "{66FCFC44-5857-4483-A039-887BF6E6BE75}"
EndProject
Project("{FAE04EC0-301F-11D3-BF4B-00C04F79EFBC}") = "PluginCouchbaseTest", "PluginCouchbaseTest\PluginCouchbaseTest.csproj", "{634BEDB9-1120-4B3B-9E91-B2CD02763FBD}"
EndProject
Global
	GlobalSection(SolutionConfigurationPlatforms) = preSolution
		Debug|Any CPU = Debug|Any CPU
		Release|Any CPU = Release|Any CPU
	EndGlobalSection
	GlobalSection(ProjectConfigurationPlatforms) = postSolution
		{66FCFC44-5857-4483-A039-887BF6E6BE75}.Debug|Any CPU.ActiveCfg = Debug|Any CPU
		{66FCFC44-5857-4483-A039-887BF6E6BE75}.Debug|Any CPU.Build.0 = Debug|Any CPU
		{66FCFC44-5857-4483-A039-887BF6E6BE75}.Release|Any CPU.ActiveCfg = Release|Any CPU
		{66FCFC44-5857-4483-A039-887BF6E6BE75}.Release|Any CPU.Build.0 = Release|Any CPU
		{634BEDB9-1120-4B3B-9E91-B2CD02763FBD}.Debug|Any CPU.ActiveCfg = Debug|Any CPU
		{634BEDB9-1120-4B3B-9E91-B2CD02763FBD}.Debug|Any CPU.Build.0 = Debug|Any CPU
		{634BEDB9-1120-4B3B-9E91-B2CD02763FBD}.Release|Any CPU.ActiveCfg = Release|Any CPU
		{634BEDB9-1120-4B3B-9E91-B2CD02763FBD}.Release|Any CPU.Build.0 = Release|Any CPU
	EndGlobalSection
EndGlobal
